// !$*UTF8*$!
{
	archiveVersion = 1;
	classes = {
	};
	objectVersion = 46;
	objects = {

/* Begin PBXBuildFile section */
		0F4D1FCC16B47EEC00291459 /* CollidingRectsCreator.m in Sources */ = {isa = PBXBuildFile; fileRef = 0F4D1FCB16B47EEC00291459 /* CollidingRectsCreator.m */; };
		0F4D1FF716B4C47000291459 /* PanlessScrollView.m in Sources */ = {isa = PBXBuildFile; fileRef = 0F4D1FF616B4C47000291459 /* PanlessScrollView.m */; };
		0F4D200B16B4D5C800291459 /* CleanButton.png in Resources */ = {isa = PBXBuildFile; fileRef = 0F4D200316B4D5C800291459 /* CleanButton.png */; };
		0F4D200C16B4D5C800291459 /* CleanDrag.png in Resources */ = {isa = PBXBuildFile; fileRef = 0F4D200416B4D5C800291459 /* CleanDrag.png */; };
		0F4D200D16B4D5C800291459 /* FightButton.png in Resources */ = {isa = PBXBuildFile; fileRef = 0F4D200516B4D5C800291459 /* FightButton.png */; };
		0F4D200E16B4D5C800291459 /* FightDrag.png in Resources */ = {isa = PBXBuildFile; fileRef = 0F4D200616B4D5C800291459 /* FightDrag.png */; };
		0F4D200F16B4D5C800291459 /* HealButton.png in Resources */ = {isa = PBXBuildFile; fileRef = 0F4D200716B4D5C800291459 /* HealButton.png */; };
		0F4D201016B4D5C800291459 /* HealDrag.png in Resources */ = {isa = PBXBuildFile; fileRef = 0F4D200816B4D5C800291459 /* HealDrag.png */; };
		0F4D201116B4D5C800291459 /* MomButton.png in Resources */ = {isa = PBXBuildFile; fileRef = 0F4D200916B4D5C800291459 /* MomButton.png */; };
		0F4D201216B4D5C800291459 /* MomDrag.png in Resources */ = {isa = PBXBuildFile; fileRef = 0F4D200A16B4D5C800291459 /* MomDrag.png */; };
		0F4D201416B4D5D700291459 /* background.png in Resources */ = {isa = PBXBuildFile; fileRef = 0F4D201316B4D5D700291459 /* background.png */; };
		0F4D205116B4EA6000291459 /* Cleanerbot.png in Resources */ = {isa = PBXBuildFile; fileRef = 0F4D204C16B4EA6000291459 /* Cleanerbot.png */; };
		0F4D205216B4EA6000291459 /* Fighterbot.png in Resources */ = {isa = PBXBuildFile; fileRef = 0F4D204D16B4EA6000291459 /* Fighterbot.png */; };
		0F4D205316B4EA6000291459 /* Healerbot.png in Resources */ = {isa = PBXBuildFile; fileRef = 0F4D204E16B4EA6000291459 /* Healerbot.png */; };
		0F4D205416B4EA6000291459 /* Mombot.png in Resources */ = {isa = PBXBuildFile; fileRef = 0F4D204F16B4EA6000291459 /* Mombot.png */; };
		0F4D205516B4EA6000291459 /* Neutralbot.png in Resources */ = {isa = PBXBuildFile; fileRef = 0F4D205016B4EA6000291459 /* Neutralbot.png */; };
		0F4D207416B4F07C00291459 /* CleanerDescription.png in Resources */ = {isa = PBXBuildFile; fileRef = 0F4D207016B4F07C00291459 /* CleanerDescription.png */; };
		0F4D207516B4F07C00291459 /* FighterDescription.png in Resources */ = {isa = PBXBuildFile; fileRef = 0F4D207116B4F07C00291459 /* FighterDescription.png */; };
		0F4D207616B4F07C00291459 /* HealerDescription.png in Resources */ = {isa = PBXBuildFile; fileRef = 0F4D207216B4F07C00291459 /* HealerDescription.png */; };
		0F4D207716B4F07C00291459 /* MomDescription.png in Resources */ = {isa = PBXBuildFile; fileRef = 0F4D207316B4F07C00291459 /* MomDescription.png */; };
		0F9697E016B38D02005BE1C1 /* UIKit.framework in Frameworks */ = {isa = PBXBuildFile; fileRef = 0F9697DF16B38D02005BE1C1 /* UIKit.framework */; };
		0F9697E216B38D02005BE1C1 /* Foundation.framework in Frameworks */ = {isa = PBXBuildFile; fileRef = 0F9697E116B38D02005BE1C1 /* Foundation.framework */; };
		0F9697E416B38D02005BE1C1 /* CoreGraphics.framework in Frameworks */ = {isa = PBXBuildFile; fileRef = 0F9697E316B38D02005BE1C1 /* CoreGraphics.framework */; };
		0F9697E616B38D02005BE1C1 /* CoreData.framework in Frameworks */ = {isa = PBXBuildFile; fileRef = 0F9697E516B38D02005BE1C1 /* CoreData.framework */; };
		0F9697EC16B38D02005BE1C1 /* InfoPlist.strings in Resources */ = {isa = PBXBuildFile; fileRef = 0F9697EA16B38D02005BE1C1 /* InfoPlist.strings */; };
		0F9697EE16B38D02005BE1C1 /* main.m in Sources */ = {isa = PBXBuildFile; fileRef = 0F9697ED16B38D02005BE1C1 /* main.m */; };
		0F9697F216B38D02005BE1C1 /* AppDelegate.m in Sources */ = {isa = PBXBuildFile; fileRef = 0F9697F116B38D02005BE1C1 /* AppDelegate.m */; };
		0F9697F416B38D02005BE1C1 /* Default.png in Resources */ = {isa = PBXBuildFile; fileRef = 0F9697F316B38D02005BE1C1 /* Default.png */; };
		0F9697F616B38D02005BE1C1 /* Default@2x.png in Resources */ = {isa = PBXBuildFile; fileRef = 0F9697F516B38D02005BE1C1 /* Default@2x.png */; };
		0F9697F816B38D02005BE1C1 /* Default-568h@2x.png in Resources */ = {isa = PBXBuildFile; fileRef = 0F9697F716B38D02005BE1C1 /* Default-568h@2x.png */; };
		0F9697FB16B38D02005BE1C1 /* BurgerTime.xcdatamodeld in Sources */ = {isa = PBXBuildFile; fileRef = 0F9697F916B38D02005BE1C1 /* BurgerTime.xcdatamodeld */; };
		0F96980316B38D02005BE1C1 /* SenTestingKit.framework in Frameworks */ = {isa = PBXBuildFile; fileRef = 0F96980216B38D02005BE1C1 /* SenTestingKit.framework */; };
		0F96980416B38D02005BE1C1 /* UIKit.framework in Frameworks */ = {isa = PBXBuildFile; fileRef = 0F9697DF16B38D02005BE1C1 /* UIKit.framework */; };
		0F96980516B38D02005BE1C1 /* Foundation.framework in Frameworks */ = {isa = PBXBuildFile; fileRef = 0F9697E116B38D02005BE1C1 /* Foundation.framework */; };
		0F96980616B38D02005BE1C1 /* CoreData.framework in Frameworks */ = {isa = PBXBuildFile; fileRef = 0F9697E516B38D02005BE1C1 /* CoreData.framework */; };
		0F96980E16B38D02005BE1C1 /* InfoPlist.strings in Resources */ = {isa = PBXBuildFile; fileRef = 0F96980C16B38D02005BE1C1 /* InfoPlist.strings */; };
		0F96981116B38D02005BE1C1 /* BurgerTimeTests.m in Sources */ = {isa = PBXBuildFile; fileRef = 0F96981016B38D02005BE1C1 /* BurgerTimeTests.m */; };
		0F96982016B39283005BE1C1 /* PrototypeViewController.m in Sources */ = {isa = PBXBuildFile; fileRef = 0F96981F16B39283005BE1C1 /* PrototypeViewController.m */; };
		0F96982416B3937C005BE1C1 /* HeartGuardBot.m in Sources */ = {isa = PBXBuildFile; fileRef = 0F96982316B3937C005BE1C1 /* HeartGuardBot.m */; };
		0F96982616B39390005BE1C1 /* QuartzCore.framework in Frameworks */ = {isa = PBXBuildFile; fileRef = 0F96982516B39390005BE1C1 /* QuartzCore.framework */; };
		0F96982816B39B38005BE1C1 /* File in Resources */ = {isa = PBXBuildFile; fileRef = 0F96982716B39B38005BE1C1 /* File */; };
		0F96982B16B3A008005BE1C1 /* MovingCollidingGuy.m in Sources */ = {isa = PBXBuildFile; fileRef = 0F96982A16B3A008005BE1C1 /* MovingCollidingGuy.m */; };
		0FACD3F016B449FF006BB9EC /* ParentEnemy.m in Sources */ = {isa = PBXBuildFile; fileRef = 0FACD3EF16B449FF006BB9EC /* ParentEnemy.m */; };
		0FACD3F416B44B09006BB9EC /* EnemySpawner.m in Sources */ = {isa = PBXBuildFile; fileRef = 0FACD3F316B44B09006BB9EC /* EnemySpawner.m */; };
		0FACD3F716B44B61006BB9EC /* HeartLeakEnemy.m in Sources */ = {isa = PBXBuildFile; fileRef = 0FACD3F616B44B61006BB9EC /* HeartLeakEnemy.m */; };
		0FACD3FB16B457A1006BB9EC /* LivingGuyManager.m in Sources */ = {isa = PBXBuildFile; fileRef = 0FACD3FA16B457A0006BB9EC /* LivingGuyManager.m */; };
		2415D1A416B3B82E00308B74 /* wave.json in Resources */ = {isa = PBXBuildFile; fileRef = 2415D1A216B3B82E00308B74 /* wave.json */; };
		2415D1AD16B3E68200308B74 /* enemy_type.json in Resources */ = {isa = PBXBuildFile; fileRef = 2415D1AA16B3E68200308B74 /* enemy_type.json */; };
		2415D1AF16B3E68200308B74 /* level.json in Resources */ = {isa = PBXBuildFile; fileRef = 2415D1AB16B3E68200308B74 /* level.json */; };
		24237C3416B4B7C600F7E8E8 /* _plaqu03.png in Resources */ = {isa = PBXBuildFile; fileRef = 24237C3116B4B7C600F7E8E8 /* _plaqu03.png */; };
		24237C3516B4B7C600F7E8E8 /* _plaqu02.png in Resources */ = {isa = PBXBuildFile; fileRef = 24237C3216B4B7C600F7E8E8 /* _plaqu02.png */; };
		24237C3616B4B7C600F7E8E8 /* _plaqu01.png in Resources */ = {isa = PBXBuildFile; fileRef = 24237C3316B4B7C600F7E8E8 /* _plaqu01.png */; };
		24237C3A16B4B88200F7E8E8 /* PlaqueEnemy.m in Sources */ = {isa = PBXBuildFile; fileRef = 24237C3916B4B88200F7E8E8 /* PlaqueEnemy.m */; };
		24237C3D16B4D36B00F7E8E8 /* Utils.m in Sources */ = {isa = PBXBuildFile; fileRef = 24237C3C16B4D36B00F7E8E8 /* Utils.m */; };
		675D312316B4696C0071B7B9 /* Wave.m in Sources */ = {isa = PBXBuildFile; fileRef = 675D312216B4696C0071B7B9 /* Wave.m */; };
		675D311F16B469350071B7B9 /* Level.m in Sources */ = {isa = PBXBuildFile; fileRef = 675D311E16B469350071B7B9 /* Level.m */; };
		6773E62716B4BA8700A3CBF5 /* AudioManagement.m in Sources */ = {isa = PBXBuildFile; fileRef = 6773E62616B4BA8700A3CBF5 /* AudioManagement.m */; };
		6773E62D16B4BC9400A3CBF5 /* AudioToolbox.framework in Frameworks */ = {isa = PBXBuildFile; fileRef = 6773E62C16B4BC9400A3CBF5 /* AudioToolbox.framework */; };
		6773E63616B4C99C00A3CBF5 /* ingame.caf in Resources */ = {isa = PBXBuildFile; fileRef = 6773E63416B4C99C00A3CBF5 /* ingame.caf */; };
		6773E63A16B4CBD100A3CBF5 /* AVFoundation.framework in Frameworks */ = {isa = PBXBuildFile; fileRef = 6773E63916B4CBD000A3CBF5 /* AVFoundation.framework */; };
		6773E64C16B4D05100A3CBF5 /* clothability.caf in Resources */ = {isa = PBXBuildFile; fileRef = 6773E64716B4D05100A3CBF5 /* clothability.caf */; };
		6773E64D16B4D05100A3CBF5 /* icon.caf in Resources */ = {isa = PBXBuildFile; fileRef = 6773E64816B4D05100A3CBF5 /* icon.caf */; };
		6773E64E16B4D05100A3CBF5 /* pointspurchase.caf in Resources */ = {isa = PBXBuildFile; fileRef = 6773E64916B4D05100A3CBF5 /* pointspurchase.caf */; };
		6773E64F16B4D05100A3CBF5 /* robotdamage.caf in Resources */ = {isa = PBXBuildFile; fileRef = 6773E64A16B4D05100A3CBF5 /* robotdamage.caf */; };
		6773E65016B4D05100A3CBF5 /* menu.caf in Resources */ = {isa = PBXBuildFile; fileRef = 6773E64B16B4D05100A3CBF5 /* menu.caf */; };
		6773E65516B4D4DA00A3CBF5 /* cleaning.caf in Resources */ = {isa = PBXBuildFile; fileRef = 6773E65116B4D4DA00A3CBF5 /* cleaning.caf */; };
		6773E65616B4D4DA00A3CBF5 /* mombo.caf in Resources */ = {isa = PBXBuildFile; fileRef = 6773E65216B4D4DA00A3CBF5 /* mombo.caf */; };
		6773E65716B4D4DA00A3CBF5 /* zapper.caf in Resources */ = {isa = PBXBuildFile; fileRef = 6773E65316B4D4DA00A3CBF5 /* zapper.caf */; };
		6773E65816B4D4DA00A3CBF5 /* heartbeat.caf in Resources */ = {isa = PBXBuildFile; fileRef = 6773E65416B4D4DA00A3CBF5 /* heartbeat.caf */; };
		67CC3F1016B507DE00CD0BB1 /* icon.caf in Resources */ = {isa = PBXBuildFile; fileRef = 6773E64816B4D05100A3CBF5 /* icon.caf */; };
		67CC3F1116B507E100CD0BB1 /* clothability.caf in Resources */ = {isa = PBXBuildFile; fileRef = 6773E64716B4D05100A3CBF5 /* clothability.caf */; };
		67CC3F1216B507E400CD0BB1 /* pointspurchase.caf in Resources */ = {isa = PBXBuildFile; fileRef = 6773E64916B4D05100A3CBF5 /* pointspurchase.caf */; };
		67CC3F1316B507E700CD0BB1 /* robotdamage.caf in Resources */ = {isa = PBXBuildFile; fileRef = 6773E64A16B4D05100A3CBF5 /* robotdamage.caf */; };
		67CC3F1416B507E900CD0BB1 /* menu.caf in Resources */ = {isa = PBXBuildFile; fileRef = 6773E64B16B4D05100A3CBF5 /* menu.caf */; };
		67CC3F1516B5080700CD0BB1 /* cleaning.caf in Resources */ = {isa = PBXBuildFile; fileRef = 6773E65116B4D4DA00A3CBF5 /* cleaning.caf */; };
		67CC3F1616B5081200CD0BB1 /* mombo.caf in Resources */ = {isa = PBXBuildFile; fileRef = 6773E65216B4D4DA00A3CBF5 /* mombo.caf */; };
		67CC3F1716B5081500CD0BB1 /* zapper.caf in Resources */ = {isa = PBXBuildFile; fileRef = 6773E65316B4D4DA00A3CBF5 /* zapper.caf */; };
		67CC3F1816B5081700CD0BB1 /* heartbeat.caf in Resources */ = {isa = PBXBuildFile; fileRef = 6773E65416B4D4DA00A3CBF5 /* heartbeat.caf */; };
/* End PBXBuildFile section */

/* Begin PBXContainerItemProxy section */
		0F96980716B38D02005BE1C1 /* PBXContainerItemProxy */ = {
			isa = PBXContainerItemProxy;
			containerPortal = 0F9697D216B38D02005BE1C1 /* Project object */;
			proxyType = 1;
			remoteGlobalIDString = 0F9697DA16B38D02005BE1C1;
			remoteInfo = BurgerTime;
		};
/* End PBXContainerItemProxy section */

/* Begin PBXFileReference section */
		0F4D1FCA16B47EEC00291459 /* CollidingRectsCreator.h */ = {isa = PBXFileReference; fileEncoding = 4; lastKnownFileType = sourcecode.c.h; path = CollidingRectsCreator.h; sourceTree = "<group>"; };
		0F4D1FCB16B47EEC00291459 /* CollidingRectsCreator.m */ = {isa = PBXFileReference; fileEncoding = 4; lastKnownFileType = sourcecode.c.objc; path = CollidingRectsCreator.m; sourceTree = "<group>"; };
		0F4D1FF516B4C47000291459 /* PanlessScrollView.h */ = {isa = PBXFileReference; fileEncoding = 4; lastKnownFileType = sourcecode.c.h; path = PanlessScrollView.h; sourceTree = "<group>"; };
		0F4D1FF616B4C47000291459 /* PanlessScrollView.m */ = {isa = PBXFileReference; fileEncoding = 4; lastKnownFileType = sourcecode.c.objc; path = PanlessScrollView.m; sourceTree = "<group>"; };
		0F4D200316B4D5C800291459 /* CleanButton.png */ = {isa = PBXFileReference; lastKnownFileType = image.png; path = CleanButton.png; sourceTree = "<group>"; };
		0F4D200416B4D5C800291459 /* CleanDrag.png */ = {isa = PBXFileReference; lastKnownFileType = image.png; path = CleanDrag.png; sourceTree = "<group>"; };
		0F4D200516B4D5C800291459 /* FightButton.png */ = {isa = PBXFileReference; lastKnownFileType = image.png; path = FightButton.png; sourceTree = "<group>"; };
		0F4D200616B4D5C800291459 /* FightDrag.png */ = {isa = PBXFileReference; lastKnownFileType = image.png; path = FightDrag.png; sourceTree = "<group>"; };
		0F4D200716B4D5C800291459 /* HealButton.png */ = {isa = PBXFileReference; lastKnownFileType = image.png; path = HealButton.png; sourceTree = "<group>"; };
		0F4D200816B4D5C800291459 /* HealDrag.png */ = {isa = PBXFileReference; lastKnownFileType = image.png; path = HealDrag.png; sourceTree = "<group>"; };
		0F4D200916B4D5C800291459 /* MomButton.png */ = {isa = PBXFileReference; lastKnownFileType = image.png; path = MomButton.png; sourceTree = "<group>"; };
		0F4D200A16B4D5C800291459 /* MomDrag.png */ = {isa = PBXFileReference; lastKnownFileType = image.png; path = MomDrag.png; sourceTree = "<group>"; };
		0F4D201316B4D5D700291459 /* background.png */ = {isa = PBXFileReference; lastKnownFileType = image.png; path = background.png; sourceTree = "<group>"; };
		0F4D203216B4E80400291459 /* nanobot_blue.png */ = {isa = PBXFileReference; lastKnownFileType = image.png; path = nanobot_blue.png; sourceTree = "<group>"; };
		0F4D203316B4E80400291459 /* nanobot_green.png */ = {isa = PBXFileReference; lastKnownFileType = image.png; path = nanobot_green.png; sourceTree = "<group>"; };
		0F4D203416B4E80400291459 /* nanobot_red.png */ = {isa = PBXFileReference; lastKnownFileType = image.png; path = nanobot_red.png; sourceTree = "<group>"; };
		0F4D203516B4E80400291459 /* nanobot_white.png */ = {isa = PBXFileReference; lastKnownFileType = image.png; path = nanobot_white.png; sourceTree = "<group>"; };
		0F4D203616B4E80400291459 /* nanobot_yellow.png */ = {isa = PBXFileReference; lastKnownFileType = image.png; path = nanobot_yellow.png; sourceTree = "<group>"; };
		0F4D204C16B4EA6000291459 /* Cleanerbot.png */ = {isa = PBXFileReference; lastKnownFileType = image.png; path = Cleanerbot.png; sourceTree = "<group>"; };
		0F4D204D16B4EA6000291459 /* Fighterbot.png */ = {isa = PBXFileReference; lastKnownFileType = image.png; path = Fighterbot.png; sourceTree = "<group>"; };
		0F4D204E16B4EA6000291459 /* Healerbot.png */ = {isa = PBXFileReference; lastKnownFileType = image.png; path = Healerbot.png; sourceTree = "<group>"; };
		0F4D204F16B4EA6000291459 /* Mombot.png */ = {isa = PBXFileReference; lastKnownFileType = image.png; path = Mombot.png; sourceTree = "<group>"; };
		0F4D205016B4EA6000291459 /* Neutralbot.png */ = {isa = PBXFileReference; lastKnownFileType = image.png; path = Neutralbot.png; sourceTree = "<group>"; };
		0F4D207016B4F07C00291459 /* CleanerDescription.png */ = {isa = PBXFileReference; lastKnownFileType = image.png; path = CleanerDescription.png; sourceTree = "<group>"; };
		0F4D207116B4F07C00291459 /* FighterDescription.png */ = {isa = PBXFileReference; lastKnownFileType = image.png; path = FighterDescription.png; sourceTree = "<group>"; };
		0F4D207216B4F07C00291459 /* HealerDescription.png */ = {isa = PBXFileReference; lastKnownFileType = image.png; path = HealerDescription.png; sourceTree = "<group>"; };
		0F4D207316B4F07C00291459 /* MomDescription.png */ = {isa = PBXFileReference; lastKnownFileType = image.png; path = MomDescription.png; sourceTree = "<group>"; };
		0F9697DB16B38D02005BE1C1 /* BurgerTime.app */ = {isa = PBXFileReference; explicitFileType = wrapper.application; includeInIndex = 0; path = BurgerTime.app; sourceTree = BUILT_PRODUCTS_DIR; };
		0F9697DF16B38D02005BE1C1 /* UIKit.framework */ = {isa = PBXFileReference; lastKnownFileType = wrapper.framework; name = UIKit.framework; path = System/Library/Frameworks/UIKit.framework; sourceTree = SDKROOT; };
		0F9697E116B38D02005BE1C1 /* Foundation.framework */ = {isa = PBXFileReference; lastKnownFileType = wrapper.framework; name = Foundation.framework; path = System/Library/Frameworks/Foundation.framework; sourceTree = SDKROOT; };
		0F9697E316B38D02005BE1C1 /* CoreGraphics.framework */ = {isa = PBXFileReference; lastKnownFileType = wrapper.framework; name = CoreGraphics.framework; path = System/Library/Frameworks/CoreGraphics.framework; sourceTree = SDKROOT; };
		0F9697E516B38D02005BE1C1 /* CoreData.framework */ = {isa = PBXFileReference; lastKnownFileType = wrapper.framework; name = CoreData.framework; path = System/Library/Frameworks/CoreData.framework; sourceTree = SDKROOT; };
		0F9697E916B38D02005BE1C1 /* BurgerTime-Info.plist */ = {isa = PBXFileReference; lastKnownFileType = text.plist.xml; path = "BurgerTime-Info.plist"; sourceTree = "<group>"; };
		0F9697EB16B38D02005BE1C1 /* en */ = {isa = PBXFileReference; lastKnownFileType = text.plist.strings; name = en; path = en.lproj/InfoPlist.strings; sourceTree = "<group>"; };
		0F9697ED16B38D02005BE1C1 /* main.m */ = {isa = PBXFileReference; lastKnownFileType = sourcecode.c.objc; path = main.m; sourceTree = "<group>"; };
		0F9697EF16B38D02005BE1C1 /* BurgerTime-Prefix.pch */ = {isa = PBXFileReference; lastKnownFileType = sourcecode.c.h; path = "BurgerTime-Prefix.pch"; sourceTree = "<group>"; };
		0F9697F016B38D02005BE1C1 /* AppDelegate.h */ = {isa = PBXFileReference; lastKnownFileType = sourcecode.c.h; path = AppDelegate.h; sourceTree = "<group>"; };
		0F9697F116B38D02005BE1C1 /* AppDelegate.m */ = {isa = PBXFileReference; lastKnownFileType = sourcecode.c.objc; path = AppDelegate.m; sourceTree = "<group>"; };
		0F9697F316B38D02005BE1C1 /* Default.png */ = {isa = PBXFileReference; lastKnownFileType = image.png; path = Default.png; sourceTree = "<group>"; };
		0F9697F516B38D02005BE1C1 /* Default@2x.png */ = {isa = PBXFileReference; lastKnownFileType = image.png; path = "Default@2x.png"; sourceTree = "<group>"; };
		0F9697F716B38D02005BE1C1 /* Default-568h@2x.png */ = {isa = PBXFileReference; lastKnownFileType = image.png; path = "Default-568h@2x.png"; sourceTree = "<group>"; };
		0F9697FA16B38D02005BE1C1 /* BurgerTime.xcdatamodel */ = {isa = PBXFileReference; lastKnownFileType = wrapper.xcdatamodel; path = BurgerTime.xcdatamodel; sourceTree = "<group>"; };
		0F96980116B38D02005BE1C1 /* BurgerTimeTests.octest */ = {isa = PBXFileReference; explicitFileType = wrapper.cfbundle; includeInIndex = 0; path = BurgerTimeTests.octest; sourceTree = BUILT_PRODUCTS_DIR; };
		0F96980216B38D02005BE1C1 /* SenTestingKit.framework */ = {isa = PBXFileReference; lastKnownFileType = wrapper.framework; name = SenTestingKit.framework; path = Library/Frameworks/SenTestingKit.framework; sourceTree = DEVELOPER_DIR; };
		0F96980B16B38D02005BE1C1 /* BurgerTimeTests-Info.plist */ = {isa = PBXFileReference; lastKnownFileType = text.plist.xml; path = "BurgerTimeTests-Info.plist"; sourceTree = "<group>"; };
		0F96980D16B38D02005BE1C1 /* en */ = {isa = PBXFileReference; lastKnownFileType = text.plist.strings; name = en; path = en.lproj/InfoPlist.strings; sourceTree = "<group>"; };
		0F96980F16B38D02005BE1C1 /* BurgerTimeTests.h */ = {isa = PBXFileReference; lastKnownFileType = sourcecode.c.h; path = BurgerTimeTests.h; sourceTree = "<group>"; };
		0F96981016B38D02005BE1C1 /* BurgerTimeTests.m */ = {isa = PBXFileReference; lastKnownFileType = sourcecode.c.objc; path = BurgerTimeTests.m; sourceTree = "<group>"; };
		0F96981E16B39283005BE1C1 /* PrototypeViewController.h */ = {isa = PBXFileReference; fileEncoding = 4; lastKnownFileType = sourcecode.c.h; path = PrototypeViewController.h; sourceTree = "<group>"; };
		0F96981F16B39283005BE1C1 /* PrototypeViewController.m */ = {isa = PBXFileReference; fileEncoding = 4; lastKnownFileType = sourcecode.c.objc; path = PrototypeViewController.m; sourceTree = "<group>"; };
		0F96982216B3937C005BE1C1 /* HeartGuardBot.h */ = {isa = PBXFileReference; fileEncoding = 4; lastKnownFileType = sourcecode.c.h; path = HeartGuardBot.h; sourceTree = "<group>"; };
		0F96982316B3937C005BE1C1 /* HeartGuardBot.m */ = {isa = PBXFileReference; fileEncoding = 4; lastKnownFileType = sourcecode.c.objc; path = HeartGuardBot.m; sourceTree = "<group>"; };
		0F96982516B39390005BE1C1 /* QuartzCore.framework */ = {isa = PBXFileReference; lastKnownFileType = wrapper.framework; name = QuartzCore.framework; path = System/Library/Frameworks/QuartzCore.framework; sourceTree = SDKROOT; };
		0F96982716B39B38005BE1C1 /* File */ = {isa = PBXFileReference; fileEncoding = 4; lastKnownFileType = text; path = File; sourceTree = "<group>"; };
		0F96982916B3A008005BE1C1 /* MovingCollidingGuy.h */ = {isa = PBXFileReference; fileEncoding = 4; lastKnownFileType = sourcecode.c.h; path = MovingCollidingGuy.h; sourceTree = "<group>"; };
		0F96982A16B3A008005BE1C1 /* MovingCollidingGuy.m */ = {isa = PBXFileReference; fileEncoding = 4; lastKnownFileType = sourcecode.c.objc; path = MovingCollidingGuy.m; sourceTree = "<group>"; };
		0FACD3EE16B449FF006BB9EC /* ParentEnemy.h */ = {isa = PBXFileReference; fileEncoding = 4; lastKnownFileType = sourcecode.c.h; path = ParentEnemy.h; sourceTree = "<group>"; };
		0FACD3EF16B449FF006BB9EC /* ParentEnemy.m */ = {isa = PBXFileReference; fileEncoding = 4; lastKnownFileType = sourcecode.c.objc; path = ParentEnemy.m; sourceTree = "<group>"; };
		0FACD3F216B44B09006BB9EC /* EnemySpawner.h */ = {isa = PBXFileReference; fileEncoding = 4; lastKnownFileType = sourcecode.c.h; path = EnemySpawner.h; sourceTree = "<group>"; };
		0FACD3F316B44B09006BB9EC /* EnemySpawner.m */ = {isa = PBXFileReference; fileEncoding = 4; lastKnownFileType = sourcecode.c.objc; path = EnemySpawner.m; sourceTree = "<group>"; };
		0FACD3F516B44B61006BB9EC /* HeartLeakEnemy.h */ = {isa = PBXFileReference; fileEncoding = 4; lastKnownFileType = sourcecode.c.h; path = HeartLeakEnemy.h; sourceTree = "<group>"; };
		0FACD3F616B44B61006BB9EC /* HeartLeakEnemy.m */ = {isa = PBXFileReference; fileEncoding = 4; lastKnownFileType = sourcecode.c.objc; path = HeartLeakEnemy.m; sourceTree = "<group>"; };
		0FACD3F916B457A0006BB9EC /* LivingGuyManager.h */ = {isa = PBXFileReference; fileEncoding = 4; lastKnownFileType = sourcecode.c.h; path = LivingGuyManager.h; sourceTree = "<group>"; };
		0FACD3FA16B457A0006BB9EC /* LivingGuyManager.m */ = {isa = PBXFileReference; fileEncoding = 4; lastKnownFileType = sourcecode.c.objc; path = LivingGuyManager.m; sourceTree = "<group>"; };
		2415D1A216B3B82E00308B74 /* wave.json */ = {isa = PBXFileReference; fileEncoding = 4; lastKnownFileType = text.json; path = wave.json; sourceTree = "<group>"; };
		2415D1AA16B3E68200308B74 /* enemy_type.json */ = {isa = PBXFileReference; fileEncoding = 4; lastKnownFileType = text.json; path = enemy_type.json; sourceTree = "<group>"; };
		2415D1AB16B3E68200308B74 /* level.json */ = {isa = PBXFileReference; fileEncoding = 4; lastKnownFileType = text.json; path = level.json; sourceTree = "<group>"; };
		24237C3116B4B7C600F7E8E8 /* _plaqu03.png */ = {isa = PBXFileReference; lastKnownFileType = image.png; path = _plaqu03.png; sourceTree = "<group>"; };
		24237C3216B4B7C600F7E8E8 /* _plaqu02.png */ = {isa = PBXFileReference; lastKnownFileType = image.png; path = _plaqu02.png; sourceTree = "<group>"; };
		24237C3316B4B7C600F7E8E8 /* _plaqu01.png */ = {isa = PBXFileReference; lastKnownFileType = image.png; path = _plaqu01.png; sourceTree = "<group>"; };
		24237C3816B4B88200F7E8E8 /* PlaqueEnemy.h */ = {isa = PBXFileReference; fileEncoding = 4; lastKnownFileType = sourcecode.c.h; path = PlaqueEnemy.h; sourceTree = "<group>"; };
		24237C3916B4B88200F7E8E8 /* PlaqueEnemy.m */ = {isa = PBXFileReference; fileEncoding = 4; lastKnownFileType = sourcecode.c.objc; path = PlaqueEnemy.m; sourceTree = "<group>"; };
		24237C3B16B4D36B00F7E8E8 /* Utils.h */ = {isa = PBXFileReference; fileEncoding = 4; lastKnownFileType = sourcecode.c.h; path = Utils.h; sourceTree = "<group>"; };
		24237C3C16B4D36B00F7E8E8 /* Utils.m */ = {isa = PBXFileReference; fileEncoding = 4; lastKnownFileType = sourcecode.c.objc; path = Utils.m; sourceTree = "<group>"; };
		675D311D16B469350071B7B9 /* Level.h */ = {isa = PBXFileReference; fileEncoding = 4; lastKnownFileType = sourcecode.c.h; path = Level.h; sourceTree = "<group>"; };
		675D311E16B469350071B7B9 /* Level.m */ = {isa = PBXFileReference; fileEncoding = 4; lastKnownFileType = sourcecode.c.objc; path = Level.m; sourceTree = "<group>"; };
		675D312116B4696C0071B7B9 /* Wave.h */ = {isa = PBXFileReference; fileEncoding = 4; lastKnownFileType = sourcecode.c.h; path = Wave.h; sourceTree = "<group>"; };
		675D312216B4696C0071B7B9 /* Wave.m */ = {isa = PBXFileReference; fileEncoding = 4; lastKnownFileType = sourcecode.c.objc; path = Wave.m; sourceTree = "<group>"; };
		675D311D16B469350071B7B9 /* Level.h */ = {isa = PBXFileReference; fileEncoding = 4; lastKnownFileType = sourcecode.c.h; path = Level.h; sourceTree = "<group>"; };
		675D311E16B469350071B7B9 /* Level.m */ = {isa = PBXFileReference; fileEncoding = 4; lastKnownFileType = sourcecode.c.objc; path = Level.m; sourceTree = "<group>"; };
		6773E62516B4BA8700A3CBF5 /* AudioManagement.h */ = {isa = PBXFileReference; fileEncoding = 4; lastKnownFileType = sourcecode.c.h; path = AudioManagement.h; sourceTree = "<group>"; };
		6773E62616B4BA8700A3CBF5 /* AudioManagement.m */ = {isa = PBXFileReference; fileEncoding = 4; lastKnownFileType = sourcecode.c.objc; path = AudioManagement.m; sourceTree = "<group>"; };
		6773E62C16B4BC9400A3CBF5 /* AudioToolbox.framework */ = {isa = PBXFileReference; lastKnownFileType = wrapper.framework; name = AudioToolbox.framework; path = System/Library/Frameworks/AudioToolbox.framework; sourceTree = SDKROOT; };
		6773E63416B4C99C00A3CBF5 /* ingame.caf */ = {isa = PBXFileReference; lastKnownFileType = file; path = ingame.caf; sourceTree = "<group>"; };
		6773E63916B4CBD000A3CBF5 /* AVFoundation.framework */ = {isa = PBXFileReference; lastKnownFileType = wrapper.framework; name = AVFoundation.framework; path = System/Library/Frameworks/AVFoundation.framework; sourceTree = SDKROOT; };
		6773E64716B4D05100A3CBF5 /* clothability.caf */ = {isa = PBXFileReference; lastKnownFileType = file; path = clothability.caf; sourceTree = "<group>"; };
		6773E64816B4D05100A3CBF5 /* icon.caf */ = {isa = PBXFileReference; lastKnownFileType = file; path = icon.caf; sourceTree = "<group>"; };
		6773E64916B4D05100A3CBF5 /* pointspurchase.caf */ = {isa = PBXFileReference; lastKnownFileType = file; path = pointspurchase.caf; sourceTree = "<group>"; };
		6773E64A16B4D05100A3CBF5 /* robotdamage.caf */ = {isa = PBXFileReference; lastKnownFileType = file; path = robotdamage.caf; sourceTree = "<group>"; };
		6773E64B16B4D05100A3CBF5 /* menu.caf */ = {isa = PBXFileReference; lastKnownFileType = file; path = menu.caf; sourceTree = "<group>"; };
		6773E65116B4D4DA00A3CBF5 /* cleaning.caf */ = {isa = PBXFileReference; lastKnownFileType = file; path = cleaning.caf; sourceTree = "<group>"; };
		6773E65216B4D4DA00A3CBF5 /* mombo.caf */ = {isa = PBXFileReference; lastKnownFileType = file; path = mombo.caf; sourceTree = "<group>"; };
		6773E65316B4D4DA00A3CBF5 /* zapper.caf */ = {isa = PBXFileReference; lastKnownFileType = file; path = zapper.caf; sourceTree = "<group>"; };
		6773E65416B4D4DA00A3CBF5 /* heartbeat.caf */ = {isa = PBXFileReference; lastKnownFileType = file; path = heartbeat.caf; sourceTree = "<group>"; };
/* End PBXFileReference section */

/* Begin PBXFrameworksBuildPhase section */
		0F9697D816B38D02005BE1C1 /* Frameworks */ = {
			isa = PBXFrameworksBuildPhase;
			buildActionMask = 2147483647;
			files = (
				6773E63A16B4CBD100A3CBF5 /* AVFoundation.framework in Frameworks */,
				6773E62D16B4BC9400A3CBF5 /* AudioToolbox.framework in Frameworks */,
				0F96982616B39390005BE1C1 /* QuartzCore.framework in Frameworks */,
				0F9697E016B38D02005BE1C1 /* UIKit.framework in Frameworks */,
				0F9697E216B38D02005BE1C1 /* Foundation.framework in Frameworks */,
				0F9697E416B38D02005BE1C1 /* CoreGraphics.framework in Frameworks */,
				0F9697E616B38D02005BE1C1 /* CoreData.framework in Frameworks */,
			);
			runOnlyForDeploymentPostprocessing = 0;
		};
		0F9697FD16B38D02005BE1C1 /* Frameworks */ = {
			isa = PBXFrameworksBuildPhase;
			buildActionMask = 2147483647;
			files = (
				0F96980316B38D02005BE1C1 /* SenTestingKit.framework in Frameworks */,
				0F96980416B38D02005BE1C1 /* UIKit.framework in Frameworks */,
				0F96980516B38D02005BE1C1 /* Foundation.framework in Frameworks */,
				0F96980616B38D02005BE1C1 /* CoreData.framework in Frameworks */,
			);
			runOnlyForDeploymentPostprocessing = 0;
		};
/* End PBXFrameworksBuildPhase section */

/* Begin PBXGroup section */
		0F4D200116B4D5BA00291459 /* artwork */ = {
			isa = PBXGroup;
			children = (
				0F4D200316B4D5C800291459 /* CleanButton.png */,
				0F4D200416B4D5C800291459 /* CleanDrag.png */,
				0F4D200516B4D5C800291459 /* FightButton.png */,
				0F4D200616B4D5C800291459 /* FightDrag.png */,
				0F4D200716B4D5C800291459 /* HealButton.png */,
				0F4D201316B4D5D700291459 /* background.png */,
				0F4D200816B4D5C800291459 /* HealDrag.png */,
				0F4D200916B4D5C800291459 /* MomButton.png */,
				0F4D200A16B4D5C800291459 /* MomDrag.png */,
				0F4D204C16B4EA6000291459 /* Cleanerbot.png */,
				0F4D204D16B4EA6000291459 /* Fighterbot.png */,
				0F4D204E16B4EA6000291459 /* Healerbot.png */,
				0F4D204F16B4EA6000291459 /* Mombot.png */,
				0F4D205016B4EA6000291459 /* Neutralbot.png */,
				0F4D207016B4F07C00291459 /* CleanerDescription.png */,
				0F4D207116B4F07C00291459 /* FighterDescription.png */,
				0F4D207216B4F07C00291459 /* HealerDescription.png */,
				0F4D207316B4F07C00291459 /* MomDescription.png */,
			);
			name = artwork;
			sourceTree = "<group>";
		};
		0F9697D016B38D02005BE1C1 = {
			isa = PBXGroup;
			children = (
				0F9697E716B38D02005BE1C1 /* BurgerTime */,
				0F96980916B38D02005BE1C1 /* BurgerTimeTests */,
				2415D1B116B3EA3400308B74 /* images */,
				2415D1A116B3B82E00308B74 /* data */,
				0F9697DE16B38D02005BE1C1 /* Frameworks */,
				0F9697DC16B38D02005BE1C1 /* Products */,
			);
			sourceTree = "<group>";
		};
		0F9697DC16B38D02005BE1C1 /* Products */ = {
			isa = PBXGroup;
			children = (
				0F9697DB16B38D02005BE1C1 /* BurgerTime.app */,
				0F96980116B38D02005BE1C1 /* BurgerTimeTests.octest */,
			);
			name = Products;
			sourceTree = "<group>";
		};
		0F9697DE16B38D02005BE1C1 /* Frameworks */ = {
			isa = PBXGroup;
			children = (
				6773E63916B4CBD000A3CBF5 /* AVFoundation.framework */,
				6773E62C16B4BC9400A3CBF5 /* AudioToolbox.framework */,
				0F96982516B39390005BE1C1 /* QuartzCore.framework */,
				0F9697DF16B38D02005BE1C1 /* UIKit.framework */,
				0F9697E116B38D02005BE1C1 /* Foundation.framework */,
				0F9697E316B38D02005BE1C1 /* CoreGraphics.framework */,
				0F9697E516B38D02005BE1C1 /* CoreData.framework */,
				0F96980216B38D02005BE1C1 /* SenTestingKit.framework */,
			);
			name = Frameworks;
			sourceTree = "<group>";
		};
		0F9697E716B38D02005BE1C1 /* BurgerTime */ = {
			isa = PBXGroup;
			children = (
				6773E62E16B4BD6200A3CBF5 /* sounds */,
				0F4D200116B4D5BA00291459 /* artwork */,
				0FACD3F816B44C8B006BB9EC /* enemies and bots */,
				6773E62516B4BA8700A3CBF5 /* AudioManagement.h */,
				6773E62616B4BA8700A3CBF5 /* AudioManagement.m */,
				0F9697F016B38D02005BE1C1 /* AppDelegate.h */,
				0F9697F116B38D02005BE1C1 /* AppDelegate.m */,
				0F96981E16B39283005BE1C1 /* PrototypeViewController.h */,
				0F96981F16B39283005BE1C1 /* PrototypeViewController.m */,
				0F9697F916B38D02005BE1C1 /* BurgerTime.xcdatamodeld */,
				0F4D1FCA16B47EEC00291459 /* CollidingRectsCreator.h */,
				0F4D1FCB16B47EEC00291459 /* CollidingRectsCreator.m */,
				24237C3B16B4D36B00F7E8E8 /* Utils.h */,
				24237C3C16B4D36B00F7E8E8 /* Utils.m */,
				0F9697E816B38D02005BE1C1 /* Supporting Files */,
				0F4D1FF516B4C47000291459 /* PanlessScrollView.h */,
				0F4D1FF616B4C47000291459 /* PanlessScrollView.m */,
			);
			path = BurgerTime;
			sourceTree = "<group>";
		};
		0F9697E816B38D02005BE1C1 /* Supporting Files */ = {
			isa = PBXGroup;
			children = (
				0F9697E916B38D02005BE1C1 /* BurgerTime-Info.plist */,
				0F9697EA16B38D02005BE1C1 /* InfoPlist.strings */,
				0F9697ED16B38D02005BE1C1 /* main.m */,
				0F9697EF16B38D02005BE1C1 /* BurgerTime-Prefix.pch */,
				0F9697F316B38D02005BE1C1 /* Default.png */,
				0F9697F516B38D02005BE1C1 /* Default@2x.png */,
				0F9697F716B38D02005BE1C1 /* Default-568h@2x.png */,
				0F96982716B39B38005BE1C1 /* File */,
			);
			name = "Supporting Files";
			sourceTree = "<group>";
		};
		0F96980916B38D02005BE1C1 /* BurgerTimeTests */ = {
			isa = PBXGroup;
			children = (
				0F96980F16B38D02005BE1C1 /* BurgerTimeTests.h */,
				0F96981016B38D02005BE1C1 /* BurgerTimeTests.m */,
				0F96980A16B38D02005BE1C1 /* Supporting Files */,
			);
			path = BurgerTimeTests;
			sourceTree = "<group>";
		};
		0F96980A16B38D02005BE1C1 /* Supporting Files */ = {
			isa = PBXGroup;
			children = (
				0F96980B16B38D02005BE1C1 /* BurgerTimeTests-Info.plist */,
				0F96980C16B38D02005BE1C1 /* InfoPlist.strings */,
			);
			name = "Supporting Files";
			sourceTree = "<group>";
		};
		0FACD3F816B44C8B006BB9EC /* enemies and bots */ = {
			isa = PBXGroup;
			children = (
				675D311D16B469350071B7B9 /* Level.h */,
				675D311E16B469350071B7B9 /* Level.m */,
				0FACD3F216B44B09006BB9EC /* EnemySpawner.h */,
				0FACD3F316B44B09006BB9EC /* EnemySpawner.m */,
				0F96982916B3A008005BE1C1 /* MovingCollidingGuy.h */,
				0F96982A16B3A008005BE1C1 /* MovingCollidingGuy.m */,
				0F96982216B3937C005BE1C1 /* HeartGuardBot.h */,
				0F96982316B3937C005BE1C1 /* HeartGuardBot.m */,
				0FACD3EE16B449FF006BB9EC /* ParentEnemy.h */,
				0FACD3EF16B449FF006BB9EC /* ParentEnemy.m */,
				0FACD3F516B44B61006BB9EC /* HeartLeakEnemy.h */,
				0FACD3F616B44B61006BB9EC /* HeartLeakEnemy.m */,
				24237C3816B4B88200F7E8E8 /* PlaqueEnemy.h */,
				24237C3916B4B88200F7E8E8 /* PlaqueEnemy.m */,
				0FACD3F916B457A0006BB9EC /* LivingGuyManager.h */,
				0FACD3FA16B457A0006BB9EC /* LivingGuyManager.m */,
			);
			name = "enemies and bots";
			sourceTree = "<group>";
		};
		2415D1A116B3B82E00308B74 /* data */ = {
			isa = PBXGroup;
			children = (
				2415D1AA16B3E68200308B74 /* enemy_type.json */,
				2415D1A216B3B82E00308B74 /* wave.json */,
				2415D1AB16B3E68200308B74 /* level.json */,
			);
			name = data;
			path = db/data;
			sourceTree = "<group>";
		};
		2415D1B116B3EA3400308B74 /* images */ = {
			isa = PBXGroup;
			children = (
				24237C3116B4B7C600F7E8E8 /* _plaqu03.png */,
				24237C3216B4B7C600F7E8E8 /* _plaqu02.png */,
				24237C3316B4B7C600F7E8E8 /* _plaqu01.png */,
			);
			path = images;
			sourceTree = "<group>";
		};
		6773E62E16B4BD6200A3CBF5 /* sounds */ = {
			isa = PBXGroup;
			children = (
				6773E64716B4D05100A3CBF5 /* clothability.caf */,
				6773E64816B4D05100A3CBF5 /* icon.caf */,
				6773E64916B4D05100A3CBF5 /* pointspurchase.caf */,
				6773E64A16B4D05100A3CBF5 /* robotdamage.caf */,
				6773E64B16B4D05100A3CBF5 /* menu.caf */,
				6773E63416B4C99C00A3CBF5 /* ingame.caf */,
				6773E65116B4D4DA00A3CBF5 /* cleaning.caf */,
				6773E65216B4D4DA00A3CBF5 /* mombo.caf */,
				6773E65316B4D4DA00A3CBF5 /* zapper.caf */,
				6773E65416B4D4DA00A3CBF5 /* heartbeat.caf */,
			);
			name = sounds;
			sourceTree = "<group>";
		};
/* End PBXGroup section */

/* Begin PBXNativeTarget section */
		0F9697DA16B38D02005BE1C1 /* BurgerTime */ = {
			isa = PBXNativeTarget;
			buildConfigurationList = 0F96981416B38D02005BE1C1 /* Build configuration list for PBXNativeTarget "BurgerTime" */;
			buildPhases = (
				0F9697D716B38D02005BE1C1 /* Sources */,
				0F9697D816B38D02005BE1C1 /* Frameworks */,
				0F9697D916B38D02005BE1C1 /* Resources */,
			);
			buildRules = (
			);
			dependencies = (
			);
			name = BurgerTime;
			productName = BurgerTime;
			productReference = 0F9697DB16B38D02005BE1C1 /* BurgerTime.app */;
			productType = "com.apple.product-type.application";
		};
		0F96980016B38D02005BE1C1 /* BurgerTimeTests */ = {
			isa = PBXNativeTarget;
			buildConfigurationList = 0F96981716B38D02005BE1C1 /* Build configuration list for PBXNativeTarget "BurgerTimeTests" */;
			buildPhases = (
				0F9697FC16B38D02005BE1C1 /* Sources */,
				0F9697FD16B38D02005BE1C1 /* Frameworks */,
				0F9697FE16B38D02005BE1C1 /* Resources */,
				0F9697FF16B38D02005BE1C1 /* ShellScript */,
			);
			buildRules = (
			);
			dependencies = (
				0F96980816B38D02005BE1C1 /* PBXTargetDependency */,
			);
			name = BurgerTimeTests;
			productName = BurgerTimeTests;
			productReference = 0F96980116B38D02005BE1C1 /* BurgerTimeTests.octest */;
			productType = "com.apple.product-type.bundle";
		};
/* End PBXNativeTarget section */

/* Begin PBXProject section */
		0F9697D216B38D02005BE1C1 /* Project object */ = {
			isa = PBXProject;
			attributes = {
				LastUpgradeCheck = 0450;
				ORGANIZATIONNAME = GlobalGameJam;
			};
			buildConfigurationList = 0F9697D516B38D02005BE1C1 /* Build configuration list for PBXProject "BurgerTime" */;
			compatibilityVersion = "Xcode 3.2";
			developmentRegion = English;
			hasScannedForEncodings = 0;
			knownRegions = (
				en,
			);
			mainGroup = 0F9697D016B38D02005BE1C1;
			productRefGroup = 0F9697DC16B38D02005BE1C1 /* Products */;
			projectDirPath = "";
			projectRoot = "";
			targets = (
				0F9697DA16B38D02005BE1C1 /* BurgerTime */,
				0F96980016B38D02005BE1C1 /* BurgerTimeTests */,
			);
		};
/* End PBXProject section */

/* Begin PBXResourcesBuildPhase section */
		0F9697D916B38D02005BE1C1 /* Resources */ = {
			isa = PBXResourcesBuildPhase;
			buildActionMask = 2147483647;
			files = (
				0F9697EC16B38D02005BE1C1 /* InfoPlist.strings in Resources */,
				0F9697F416B38D02005BE1C1 /* Default.png in Resources */,
				0F9697F616B38D02005BE1C1 /* Default@2x.png in Resources */,
				0F9697F816B38D02005BE1C1 /* Default-568h@2x.png in Resources */,
				0F96982816B39B38005BE1C1 /* File in Resources */,
				24237C3416B4B7C600F7E8E8 /* _plaqu03.png in Resources */,
				24237C3516B4B7C600F7E8E8 /* _plaqu02.png in Resources */,
				24237C3616B4B7C600F7E8E8 /* _plaqu01.png in Resources */,
				6773E63516B4C99C00A3CBF5 /* ingame.caf in Resources */,
				0F4D200B16B4D5C800291459 /* CleanButton.png in Resources */,
				0F4D200C16B4D5C800291459 /* CleanDrag.png in Resources */,
				0F4D200D16B4D5C800291459 /* FightButton.png in Resources */,
				0F4D200E16B4D5C800291459 /* FightDrag.png in Resources */,
				0F4D200F16B4D5C800291459 /* HealButton.png in Resources */,
				0F4D201016B4D5C800291459 /* HealDrag.png in Resources */,
				0F4D201116B4D5C800291459 /* MomButton.png in Resources */,
				0F4D201216B4D5C800291459 /* MomDrag.png in Resources */,
				0F4D201416B4D5D700291459 /* background.png in Resources */,
				0F4D203716B4E80400291459 /* nanobot_blue.png in Resources */,
				0F4D203816B4E80400291459 /* nanobot_green.png in Resources */,
				0F4D203916B4E80400291459 /* nanobot_red.png in Resources */,
				0F4D203A16B4E80400291459 /* nanobot_white.png in Resources */,
				0F4D203B16B4E80400291459 /* nanobot_yellow.png in Resources */,
				0F4D205116B4EA6000291459 /* Cleanerbot.png in Resources */,
				0F4D205216B4EA6000291459 /* Fighterbot.png in Resources */,
				0F4D205316B4EA6000291459 /* Healerbot.png in Resources */,
				0F4D205416B4EA6000291459 /* Mombot.png in Resources */,
				0F4D205516B4EA6000291459 /* Neutralbot.png in Resources */,
				0F4D207416B4F07C00291459 /* CleanerDescription.png in Resources */,
				0F4D207516B4F07C00291459 /* FighterDescription.png in Resources */,
				0F4D207616B4F07C00291459 /* HealerDescription.png in Resources */,
				0F4D207716B4F07C00291459 /* MomDescription.png in Resources */,
				67CC3F1016B507DE00CD0BB1 /* icon.caf in Resources */,
				67CC3F1116B507E100CD0BB1 /* clothability.caf in Resources */,
				67CC3F1216B507E400CD0BB1 /* pointspurchase.caf in Resources */,
				67CC3F1316B507E700CD0BB1 /* robotdamage.caf in Resources */,
				67CC3F1416B507E900CD0BB1 /* menu.caf in Resources */,
				67CC3F1516B5080700CD0BB1 /* cleaning.caf in Resources */,
				67CC3F1616B5081200CD0BB1 /* mombo.caf in Resources */,
				67CC3F1716B5081500CD0BB1 /* zapper.caf in Resources */,
				67CC3F1816B5081700CD0BB1 /* heartbeat.caf in Resources */,
			);
			runOnlyForDeploymentPostprocessing = 0;
		};
		0F9697FE16B38D02005BE1C1 /* Resources */ = {
			isa = PBXResourcesBuildPhase;
			buildActionMask = 2147483647;
			files = (
				0F96980E16B38D02005BE1C1 /* InfoPlist.strings in Resources */,
				2415D1A416B3B82E00308B74 /* wave.json in Resources */,
				2415D1AD16B3E68200308B74 /* enemy_type.json in Resources */,
				2415D1AF16B3E68200308B74 /* level.json in Resources */,
				6773E63616B4C99C00A3CBF5 /* ingame.caf in Resources */,
				6773E64C16B4D05100A3CBF5 /* clothability.caf in Resources */,
				6773E64D16B4D05100A3CBF5 /* icon.caf in Resources */,
				6773E64E16B4D05100A3CBF5 /* pointspurchase.caf in Resources */,
				6773E64F16B4D05100A3CBF5 /* robotdamage.caf in Resources */,
				6773E65016B4D05100A3CBF5 /* menu.caf in Resources */,
				6773E65516B4D4DA00A3CBF5 /* cleaning.caf in Resources */,
				6773E65616B4D4DA00A3CBF5 /* mombo.caf in Resources */,
				6773E65716B4D4DA00A3CBF5 /* zapper.caf in Resources */,
				6773E65816B4D4DA00A3CBF5 /* heartbeat.caf in Resources */,
			);
			runOnlyForDeploymentPostprocessing = 0;
		};
/* End PBXResourcesBuildPhase section */

/* Begin PBXShellScriptBuildPhase section */
		0F9697FF16B38D02005BE1C1 /* ShellScript */ = {
			isa = PBXShellScriptBuildPhase;
			buildActionMask = 2147483647;
			files = (
			);
			inputPaths = (
			);
			outputPaths = (
			);
			runOnlyForDeploymentPostprocessing = 0;
			shellPath = /bin/sh;
			shellScript = "# Run the unit tests in this test bundle.\n\"${SYSTEM_DEVELOPER_DIR}/Tools/RunUnitTests\"\n";
		};
/* End PBXShellScriptBuildPhase section */

/* Begin PBXSourcesBuildPhase section */
		0F9697D716B38D02005BE1C1 /* Sources */ = {
			isa = PBXSourcesBuildPhase;
			buildActionMask = 2147483647;
			files = (
				0F9697EE16B38D02005BE1C1 /* main.m in Sources */,
				0F9697F216B38D02005BE1C1 /* AppDelegate.m in Sources */,
				0F9697FB16B38D02005BE1C1 /* BurgerTime.xcdatamodeld in Sources */,
				0F96982016B39283005BE1C1 /* PrototypeViewController.m in Sources */,
				0F96982416B3937C005BE1C1 /* HeartGuardBot.m in Sources */,
				0F96982B16B3A008005BE1C1 /* MovingCollidingGuy.m in Sources */,
				0FACD3F016B449FF006BB9EC /* ParentEnemy.m in Sources */,
				0FACD3F416B44B09006BB9EC /* EnemySpawner.m in Sources */,
				0FACD3F716B44B61006BB9EC /* HeartLeakEnemy.m in Sources */,
				0FACD3FB16B457A1006BB9EC /* LivingGuyManager.m in Sources */,
				0F4D1FCC16B47EEC00291459 /* CollidingRectsCreator.m in Sources */,
				24237C3A16B4B88200F7E8E8 /* PlaqueEnemy.m in Sources */,
				24237C3D16B4D36B00F7E8E8 /* Utils.m in Sources */,
				6773E62716B4BA8700A3CBF5 /* AudioManagement.m in Sources */,
				0F4D1FF716B4C47000291459 /* PanlessScrollView.m in Sources */,
			);
			runOnlyForDeploymentPostprocessing = 0;
		};
		0F9697FC16B38D02005BE1C1 /* Sources */ = {
			isa = PBXSourcesBuildPhase;
			buildActionMask = 2147483647;
			files = (
				0F96981116B38D02005BE1C1 /* BurgerTimeTests.m in Sources */,
				675D311F16B469350071B7B9 /* Level.m in Sources */,
			);
			runOnlyForDeploymentPostprocessing = 0;
		};
/* End PBXSourcesBuildPhase section */

/* Begin PBXTargetDependency section */
		0F96980816B38D02005BE1C1 /* PBXTargetDependency */ = {
			isa = PBXTargetDependency;
			target = 0F9697DA16B38D02005BE1C1 /* BurgerTime */;
			targetProxy = 0F96980716B38D02005BE1C1 /* PBXContainerItemProxy */;
		};
/* End PBXTargetDependency section */

/* Begin PBXVariantGroup section */
		0F9697EA16B38D02005BE1C1 /* InfoPlist.strings */ = {
			isa = PBXVariantGroup;
			children = (
				0F9697EB16B38D02005BE1C1 /* en */,
			);
			name = InfoPlist.strings;
			sourceTree = "<group>";
		};
		0F96980C16B38D02005BE1C1 /* InfoPlist.strings */ = {
			isa = PBXVariantGroup;
			children = (
				0F96980D16B38D02005BE1C1 /* en */,
			);
			name = InfoPlist.strings;
			sourceTree = "<group>";
		};
/* End PBXVariantGroup section */

/* Begin XCBuildConfiguration section */
		0F96981216B38D02005BE1C1 /* Debug */ = {
			isa = XCBuildConfiguration;
			buildSettings = {
				ALWAYS_SEARCH_USER_PATHS = NO;
				CLANG_CXX_LANGUAGE_STANDARD = "gnu++0x";
				CLANG_CXX_LIBRARY = "libc++";
				CLANG_ENABLE_OBJC_ARC = YES;
				CLANG_WARN_EMPTY_BODY = YES;
				CLANG_WARN__DUPLICATE_METHOD_MATCH = YES;
				CODE_SIGN_IDENTITY = "iPhone Developer: Jethro Bell (Y36M9HWW85)";
				"CODE_SIGN_IDENTITY[sdk=iphoneos*]" = "iPhone Developer";
				COPY_PHASE_STRIP = NO;
				GCC_C_LANGUAGE_STANDARD = gnu99;
				GCC_DYNAMIC_NO_PIC = NO;
				GCC_OPTIMIZATION_LEVEL = 0;
				GCC_PREPROCESSOR_DEFINITIONS = (
					"DEBUG=1",
					"$(inherited)",
				);
				GCC_SYMBOLS_PRIVATE_EXTERN = NO;
				GCC_WARN_ABOUT_RETURN_TYPE = YES;
				GCC_WARN_UNINITIALIZED_AUTOS = YES;
				GCC_WARN_UNUSED_VARIABLE = YES;
				IPHONEOS_DEPLOYMENT_TARGET = 6.0;
				ONLY_ACTIVE_ARCH = YES;
				PROVISIONING_PROFILE = "6877E784-4D1F-464B-ADD8-DC3045E32981";
				SDKROOT = iphoneos;
				TARGETED_DEVICE_FAMILY = "1,2";
			};
			name = Debug;
		};
		0F96981316B38D02005BE1C1 /* Release */ = {
			isa = XCBuildConfiguration;
			buildSettings = {
				ALWAYS_SEARCH_USER_PATHS = NO;
				CLANG_CXX_LANGUAGE_STANDARD = "gnu++0x";
				CLANG_CXX_LIBRARY = "libc++";
				CLANG_ENABLE_OBJC_ARC = YES;
				CLANG_WARN_EMPTY_BODY = YES;
				CLANG_WARN__DUPLICATE_METHOD_MATCH = YES;
				CODE_SIGN_IDENTITY = "iPhone Developer: Jethro Bell (Y36M9HWW85)";
				"CODE_SIGN_IDENTITY[sdk=iphoneos*]" = "iPhone Developer";
				COPY_PHASE_STRIP = YES;
				GCC_C_LANGUAGE_STANDARD = gnu99;
				GCC_WARN_ABOUT_RETURN_TYPE = YES;
				GCC_WARN_UNINITIALIZED_AUTOS = YES;
				GCC_WARN_UNUSED_VARIABLE = YES;
				IPHONEOS_DEPLOYMENT_TARGET = 6.0;
				OTHER_CFLAGS = "-DNS_BLOCK_ASSERTIONS=1";
				PROVISIONING_PROFILE = "6877E784-4D1F-464B-ADD8-DC3045E32981";
				SDKROOT = iphoneos;
				TARGETED_DEVICE_FAMILY = "1,2";
				VALIDATE_PRODUCT = YES;
			};
			name = Release;
		};
		0F96981516B38D02005BE1C1 /* Debug */ = {
			isa = XCBuildConfiguration;
			buildSettings = {
				GCC_PRECOMPILE_PREFIX_HEADER = YES;
				GCC_PREFIX_HEADER = "BurgerTime/BurgerTime-Prefix.pch";
				INFOPLIST_FILE = "BurgerTime/BurgerTime-Info.plist";
				IPHONEOS_DEPLOYMENT_TARGET = 5.0;
				PRODUCT_NAME = "$(TARGET_NAME)";
				WRAPPER_EXTENSION = app;
			};
			name = Debug;
		};
		0F96981616B38D02005BE1C1 /* Release */ = {
			isa = XCBuildConfiguration;
			buildSettings = {
				GCC_PRECOMPILE_PREFIX_HEADER = YES;
				GCC_PREFIX_HEADER = "BurgerTime/BurgerTime-Prefix.pch";
				INFOPLIST_FILE = "BurgerTime/BurgerTime-Info.plist";
				IPHONEOS_DEPLOYMENT_TARGET = 5.0;
				PRODUCT_NAME = "$(TARGET_NAME)";
				WRAPPER_EXTENSION = app;
			};
			name = Release;
		};
		0F96981816B38D02005BE1C1 /* Debug */ = {
			isa = XCBuildConfiguration;
			buildSettings = {
				BUNDLE_LOADER = "$(BUILT_PRODUCTS_DIR)/BurgerTime.app/BurgerTime";
				FRAMEWORK_SEARCH_PATHS = (
					"\"$(SDKROOT)/Developer/Library/Frameworks\"",
					"\"$(DEVELOPER_LIBRARY_DIR)/Frameworks\"",
				);
				GCC_PRECOMPILE_PREFIX_HEADER = YES;
				GCC_PREFIX_HEADER = "BurgerTime/BurgerTime-Prefix.pch";
				INFOPLIST_FILE = "BurgerTimeTests/BurgerTimeTests-Info.plist";
				PRODUCT_NAME = "$(TARGET_NAME)";
				TEST_HOST = "$(BUNDLE_LOADER)";
				WRAPPER_EXTENSION = octest;
			};
			name = Debug;
		};
		0F96981916B38D02005BE1C1 /* Release */ = {
			isa = XCBuildConfiguration;
			buildSettings = {
				BUNDLE_LOADER = "$(BUILT_PRODUCTS_DIR)/BurgerTime.app/BurgerTime";
				FRAMEWORK_SEARCH_PATHS = (
					"\"$(SDKROOT)/Developer/Library/Frameworks\"",
					"\"$(DEVELOPER_LIBRARY_DIR)/Frameworks\"",
				);
				GCC_PRECOMPILE_PREFIX_HEADER = YES;
				GCC_PREFIX_HEADER = "BurgerTime/BurgerTime-Prefix.pch";
				INFOPLIST_FILE = "BurgerTimeTests/BurgerTimeTests-Info.plist";
				PRODUCT_NAME = "$(TARGET_NAME)";
				TEST_HOST = "$(BUNDLE_LOADER)";
				WRAPPER_EXTENSION = octest;
			};
			name = Release;
		};
/* End XCBuildConfiguration section */

/* Begin XCConfigurationList section */
		0F9697D516B38D02005BE1C1 /* Build configuration list for PBXProject "BurgerTime" */ = {
			isa = XCConfigurationList;
			buildConfigurations = (
				0F96981216B38D02005BE1C1 /* Debug */,
				0F96981316B38D02005BE1C1 /* Release */,
			);
			defaultConfigurationIsVisible = 0;
			defaultConfigurationName = Release;
		};
		0F96981416B38D02005BE1C1 /* Build configuration list for PBXNativeTarget "BurgerTime" */ = {
			isa = XCConfigurationList;
			buildConfigurations = (
				0F96981516B38D02005BE1C1 /* Debug */,
				0F96981616B38D02005BE1C1 /* Release */,
			);
			defaultConfigurationIsVisible = 0;
			defaultConfigurationName = Release;
		};
		0F96981716B38D02005BE1C1 /* Build configuration list for PBXNativeTarget "BurgerTimeTests" */ = {
			isa = XCConfigurationList;
			buildConfigurations = (
				0F96981816B38D02005BE1C1 /* Debug */,
				0F96981916B38D02005BE1C1 /* Release */,
			);
			defaultConfigurationIsVisible = 0;
			defaultConfigurationName = Release;
		};
/* End XCConfigurationList section */

/* Begin XCVersionGroup section */
		0F9697F916B38D02005BE1C1 /* BurgerTime.xcdatamodeld */ = {
			isa = XCVersionGroup;
			children = (
				0F9697FA16B38D02005BE1C1 /* BurgerTime.xcdatamodel */,
			);
			currentVersion = 0F9697FA16B38D02005BE1C1 /* BurgerTime.xcdatamodel */;
			path = BurgerTime.xcdatamodeld;
			sourceTree = "<group>";
			versionGroupType = wrapper.xcdatamodel;
		};
/* End XCVersionGroup section */
	};
	rootObject = 0F9697D216B38D02005BE1C1 /* Project object */;
}
